
Microsoft Visual Studio Solution File, Format Version 12.00
# Visual Studio Version 17
VisualStudioVersion = 17.5.33516.290
MinimumVisualStudioVersion = 10.0.40219.1
Project("{FAE04EC0-301F-11D3-BF4B-00C04F79EFBC}") = "CVSharpDemo", "CVSharpDemo\CVSharpDemo.csproj", "{A15E962C-55E9-44F5-BFB9-5868558B7D60}"
EndProject
Global
	GlobalSection(SolutionConfigurationPlatforms) = preSolution
		Debug|Any CPU = Debug|Any CPU
		Release|Any CPU = Release|Any CPU
	EndGlobalSection
	GlobalSection(ProjectConfigurationPlatforms) = postSolution
		{A15E962C-55E9-44F5-BFB9-5868558B7D60}.Debug|Any CPU.ActiveCfg = Debug|Any CPU
		{A15E962C-55E9-44F5-BFB9-5868558B7D60}.Debug|Any CPU.Build.0 = Debug|Any CPU
		{A15E962C-55E9-44F5-BFB9-5868558B7D60}.Release|Any CPU.ActiveCfg = Release|Any CPU
		{A15E962C-55E9-44F5-BFB9-5868558B7D60}.Release|Any CPU.Build.0 = Release|Any CPU
	EndGlobalSection
	GlobalSection(SolutionProperties) = preSolution
		HideSolutionNode = FALSE
	EndGlobalSection
	GlobalSection(ExtensibilityGlobals) = postSolution
		SolutionGuid = {E5A72A93-0A0A-44DF-BF4E-A7CBF2A33F02}
	EndGlobalSection
EndGlobal
